// !$*UTF8*$!
{
	archiveVersion = 1;
	classes = {
	};
	objectVersion = 50;
	objects = {

/* Begin PBXBuildFile section */
		2F40D234218E753000C407BB /* AppDelegate.swift in Sources */ = {isa = PBXBuildFile; fileRef = 2F40D233218E753000C407BB /* AppDelegate.swift */; };
		2F40D236218E753000C407BB /* ViewController.swift in Sources */ = {isa = PBXBuildFile; fileRef = 2F40D235218E753000C407BB /* ViewController.swift */; };
		2F40D239218E753000C407BB /* Main.storyboard in Resources */ = {isa = PBXBuildFile; fileRef = 2F40D237218E753000C407BB /* Main.storyboard */; };
		2F40D23B218E753500C407BB /* Assets.xcassets in Resources */ = {isa = PBXBuildFile; fileRef = 2F40D23A218E753500C407BB /* Assets.xcassets */; };
		2F40D23E218E753500C407BB /* LaunchScreen.storyboard in Resources */ = {isa = PBXBuildFile; fileRef = 2F40D23C218E753500C407BB /* LaunchScreen.storyboard */; };
		2F40D249218E753500C407BB /* myJankenTests.swift in Sources */ = {isa = PBXBuildFile; fileRef = 2F40D248218E753500C407BB /* myJankenTests.swift */; };
		2F40D254218E753500C407BB /* myJankenUITests.swift in Sources */ = {isa = PBXBuildFile; fileRef = 2F40D253218E753500C407BB /* myJankenUITests.swift */; };
/* End PBXBuildFile section */

/* Begin PBXContainerItemProxy section */
		2F40D245218E753500C407BB /* PBXContainerItemProxy */ = {
			isa = PBXContainerItemProxy;
			containerPortal = 2F40D228218E753000C407BB /* Project object */;
			proxyType = 1;
			remoteGlobalIDString = 2F40D22F218E753000C407BB;
			remoteInfo = myJanken;
		};
		2F40D250218E753500C407BB /* PBXContainerItemProxy */ = {
			isa = PBXContainerItemProxy;
			containerPortal = 2F40D228218E753000C407BB /* Project object */;
			proxyType = 1;
			remoteGlobalIDString = 2F40D22F218E753000C407BB;
			remoteInfo = myJanken;
		};
/* End PBXContainerItemProxy section */

/* Begin PBXFileReference section */
		2F40D230218E753000C407BB /* myJanken.app */ = {isa = PBXFileReference; explicitFileType = wrapper.application; includeInIndex = 0; path = myJanken.app; sourceTree = BUILT_PRODUCTS_DIR; };
		2F40D233218E753000C407BB /* AppDelegate.swift */ = {isa = PBXFileReference; lastKnownFileType = sourcecode.swift; path = AppDelegate.swift; sourceTree = "<group>"; };
		2F40D235218E753000C407BB /* ViewController.swift */ = {isa = PBXFileReference; lastKnownFileType = sourcecode.swift; path = ViewController.swift; sourceTree = "<group>"; };
		2F40D238218E753000C407BB /* Base */ = {isa = PBXFileReference; lastKnownFileType = file.storyboard; name = Base; path = Base.lproj/Main.storyboard; sourceTree = "<group>"; };
		2F40D23A218E753500C407BB /* Assets.xcassets */ = {isa = PBXFileReference; lastKnownFileType = folder.assetcatalog; path = Assets.xcassets; sourceTree = "<group>"; };
		2F40D23D218E753500C407BB /* Base */ = {isa = PBXFileReference; lastKnownFileType = file.storyboard; name = Base; path = Base.lproj/LaunchScreen.storyboard; sourceTree = "<group>"; };
		2F40D23F218E753500C407BB /* Info.plist */ = {isa = PBXFileReference; lastKnownFileType = text.plist.xml; path = Info.plist; sourceTree = "<group>"; };
		2F40D244218E753500C407BB /* myJankenTests.xctest */ = {isa = PBXFileReference; explicitFileType = wrapper.cfbundle; includeInIndex = 0; path = myJankenTests.xctest; sourceTree = BUILT_PRODUCTS_DIR; };
		2F40D248218E753500C407BB /* myJankenTests.swift */ = {isa = PBXFileReference; lastKnownFileType = sourcecode.swift; path = myJankenTests.swift; sourceTree = "<group>"; };
		2F40D24A218E753500C407BB /* Info.plist */ = {isa = PBXFileReference; lastKnownFileType = text.plist.xml; path = Info.plist; sourceTree = "<group>"; };
		2F40D24F218E753500C407BB /* myJankenUITests.xctest */ = {isa = PBXFileReference; explicitFileType = wrapper.cfbundle; includeInIndex = 0; path = myJankenUITests.xctest; sourceTree = BUILT_PRODUCTS_DIR; };
		2F40D253218E753500C407BB /* myJankenUITests.swift */ = {isa = PBXFileReference; lastKnownFileType = sourcecode.swift; path = myJankenUITests.swift; sourceTree = "<group>"; };
		2F40D255218E753500C407BB /* Info.plist */ = {isa = PBXFileReference; lastKnownFileType = text.plist.xml; path = Info.plist; sourceTree = "<group>"; };
/* End PBXFileReference section */

/* Begin PBXFrameworksBuildPhase section */
		2F40D22D218E753000C407BB /* Frameworks */ = {
			isa = PBXFrameworksBuildPhase;
			buildActionMask = 2147483647;
			files = (
			);
			runOnlyForDeploymentPostprocessing = 0;
		};
		2F40D241218E753500C407BB /* Frameworks */ = {
			isa = PBXFrameworksBuildPhase;
			buildActionMask = 2147483647;
			files = (
			);
			runOnlyForDeploymentPostprocessing = 0;
		};
		2F40D24C218E753500C407BB /* Frameworks */ = {
			isa = PBXFrameworksBuildPhase;
			buildActionMask = 2147483647;
			files = (
			);
			runOnlyForDeploymentPostprocessing = 0;
		};
/* End PBXFrameworksBuildPhase section */

/* Begin PBXGroup section */
		2F40D227218E753000C407BB = {
			isa = PBXGroup;
			children = (
				2F40D232218E753000C407BB /* myJanken */,
				2F40D247218E753500C407BB /* myJankenTests */,
				2F40D252218E753500C407BB /* myJankenUITests */,
				2F40D231218E753000C407BB /* Products */,
			);
			sourceTree = "<group>";
		};
		2F40D231218E753000C407BB /* Products */ = {
			isa = PBXGroup;
			children = (
				2F40D230218E753000C407BB /* myJanken.app */,
				2F40D244218E753500C407BB /* myJankenTests.xctest */,
				2F40D24F218E753500C407BB /* myJankenUITests.xctest */,
			);
			name = Products;
			sourceTree = "<group>";
		};
		2F40D232218E753000C407BB /* myJanken */ = {
			isa = PBXGroup;
			children = (
				2F40D233218E753000C407BB /* AppDelegate.swift */,
				2F40D235218E753000C407BB /* ViewController.swift */,
				2F40D237218E753000C407BB /* Main.storyboard */,
				2F40D23A218E753500C407BB /* Assets.xcassets */,
				2F40D23C218E753500C407BB /* LaunchScreen.storyboard */,
				2F40D23F218E753500C407BB /* Info.plist */,
			);
			path = myJanken;
			sourceTree = "<group>";
		};
		2F40D247218E753500C407BB /* myJankenTests */ = {
			isa = PBXGroup;
			children = (
				2F40D248218E753500C407BB /* myJankenTests.swift */,
				2F40D24A218E753500C407BB /* Info.plist */,
			);
			path = myJankenTests;
			sourceTree = "<group>";
		};
		2F40D252218E753500C407BB /* myJankenUITests */ = {
			isa = PBXGroup;
			children = (
				2F40D253218E753500C407BB /* myJankenUITests.swift */,
				2F40D255218E753500C407BB /* Info.plist */,
			);
			path = myJankenUITests;
			sourceTree = "<group>";
		};
/* End PBXGroup section */

/* Begin PBXNativeTarget section */
		2F40D22F218E753000C407BB /* myJanken */ = {
			isa = PBXNativeTarget;
			buildConfigurationList = 2F40D258218E753500C407BB /* Build configuration list for PBXNativeTarget "myJanken" */;
			buildPhases = (
				2F40D22C218E753000C407BB /* Sources */,
				2F40D22D218E753000C407BB /* Frameworks */,
				2F40D22E218E753000C407BB /* Resources */,
			);
			buildRules = (
			);
			dependencies = (
			);
			name = myJanken;
			productName = myJanken;
			productReference = 2F40D230218E753000C407BB /* myJanken.app */;
			productType = "com.apple.product-type.application";
		};
		2F40D243218E753500C407BB /* myJankenTests */ = {
			isa = PBXNativeTarget;
			buildConfigurationList = 2F40D25B218E753500C407BB /* Build configuration list for PBXNativeTarget "myJankenTests" */;
			buildPhases = (
				2F40D240218E753500C407BB /* Sources */,
				2F40D241218E753500C407BB /* Frameworks */,
				2F40D242218E753500C407BB /* Resources */,
			);
			buildRules = (
			);
			dependencies = (
				2F40D246218E753500C407BB /* PBXTargetDependency */,
			);
			name = myJankenTests;
			productName = myJankenTests;
			productReference = 2F40D244218E753500C407BB /* myJankenTests.xctest */;
			productType = "com.apple.product-type.bundle.unit-test";
		};
		2F40D24E218E753500C407BB /* myJankenUITests */ = {
			isa = PBXNativeTarget;
			buildConfigurationList = 2F40D25E218E753500C407BB /* Build configuration list for PBXNativeTarget "myJankenUITests" */;
			buildPhases = (
				2F40D24B218E753500C407BB /* Sources */,
				2F40D24C218E753500C407BB /* Frameworks */,
				2F40D24D218E753500C407BB /* Resources */,
			);
			buildRules = (
			);
			dependencies = (
				2F40D251218E753500C407BB /* PBXTargetDependency */,
			);
			name = myJankenUITests;
			productName = myJankenUITests;
			productReference = 2F40D24F218E753500C407BB /* myJankenUITests.xctest */;
			productType = "com.apple.product-type.bundle.ui-testing";
		};
/* End PBXNativeTarget section */

/* Begin PBXProject section */
		2F40D228218E753000C407BB /* Project object */ = {
			isa = PBXProject;
			attributes = {
				LastSwiftUpdateCheck = 1010;
				LastUpgradeCheck = 1010;
				ORGANIZATIONNAME = "橋本 翔子";
				TargetAttributes = {
					2F40D22F218E753000C407BB = {
						CreatedOnToolsVersion = 10.1;
					};
					2F40D243218E753500C407BB = {
						CreatedOnToolsVersion = 10.1;
						TestTargetID = 2F40D22F218E753000C407BB;
					};
					2F40D24E218E753500C407BB = {
						CreatedOnToolsVersion = 10.1;
						TestTargetID = 2F40D22F218E753000C407BB;
					};
				};
			};
			buildConfigurationList = 2F40D22B218E753000C407BB /* Build configuration list for PBXProject "myJanken" */;
			compatibilityVersion = "Xcode 9.3";
			developmentRegion = en;
			hasScannedForEncodings = 0;
			knownRegions = (
				en,
				Base,
			);
			mainGroup = 2F40D227218E753000C407BB;
			productRefGroup = 2F40D231218E753000C407BB /* Products */;
			projectDirPath = "";
			projectRoot = "";
			targets = (
				2F40D22F218E753000C407BB /* myJanken */,
				2F40D243218E753500C407BB /* myJankenTests */,
				2F40D24E218E753500C407BB /* myJankenUITests */,
			);
		};
/* End PBXProject section */

/* Begin PBXResourcesBuildPhase section */
		2F40D22E218E753000C407BB /* Resources */ = {
			isa = PBXResourcesBuildPhase;
			buildActionMask = 2147483647;
			files = (
				2F40D23E218E753500C407BB /* LaunchScreen.storyboard in Resources */,
				2F40D23B218E753500C407BB /* Assets.xcassets in Resources */,
				2F40D239218E753000C407BB /* Main.storyboard in Resources */,
			);
			runOnlyForDeploymentPostprocessing = 0;
		};
		2F40D242218E753500C407BB /* Resources */ = {
			isa = PBXResourcesBuildPhase;
			buildActionMask = 2147483647;
			files = (
			);
			runOnlyForDeploymentPostprocessing = 0;
		};
		2F40D24D218E753500C407BB /* Resources */ = {
			isa = PBXResourcesBuildPhase;
			buildActionMask = 2147483647;
			files = (
			);
			runOnlyForDeploymentPostprocessing = 0;
		};
/* End PBXResourcesBuildPhase section */

/* Begin PBXSourcesBuildPhase section */
		2F40D22C218E753000C407BB /* Sources */ = {
			isa = PBXSourcesBuildPhase;
			buildActionMask = 2147483647;
			files = (
				2F40D236218E753000C407BB /* ViewController.swift in Sources */,
				2F40D234218E753000C407BB /* AppDelegate.swift in Sources */,
			);
			runOnlyForDeploymentPostprocessing = 0;
		};
		2F40D240218E753500C407BB /* Sources */ = {
			isa = PBXSourcesBuildPhase;
			buildActionMask = 2147483647;
			files = (
				2F40D249218E753500C407BB /* myJankenTests.swift in Sources */,
			);
			runOnlyForDeploymentPostprocessing = 0;
		};
		2F40D24B218E753500C407BB /* Sources */ = {
			isa = PBXSourcesBuildPhase;
			buildActionMask = 2147483647;
			files = (
				2F40D254218E753500C407BB /* myJankenUITests.swift in Sources */,
			);
			runOnlyForDeploymentPostprocessing = 0;
		};
/* End PBXSourcesBuildPhase section */

/* Begin PBXTargetDependency section */
		2F40D246218E753500C407BB /* PBXTargetDependency */ = {
			isa = PBXTargetDependency;
			target = 2F40D22F218E753000C407BB /* myJanken */;
			targetProxy = 2F40D245218E753500C407BB /* PBXContainerItemProxy */;
		};
		2F40D251218E753500C407BB /* PBXTargetDependency */ = {
			isa = PBXTargetDependency;
			target = 2F40D22F218E753000C407BB /* myJanken */;
			targetProxy = 2F40D250218E753500C407BB /* PBXContainerItemProxy */;
		};
/* End PBXTargetDependency section */

/* Begin PBXVariantGroup section */
		2F40D237218E753000C407BB /* Main.storyboard */ = {
			isa = PBXVariantGroup;
			children = (
				2F40D238218E753000C407BB /* Base */,
			);
			name = Main.storyboard;
			sourceTree = "<group>";
		};
		2F40D23C218E753500C407BB /* LaunchScreen.storyboard */ = {
			isa = PBXVariantGroup;
			children = (
				2F40D23D218E753500C407BB /* Base */,
			);
			name = LaunchScreen.storyboard;
			sourceTree = "<group>";
		};
/* End PBXVariantGroup section */

/* Begin XCBuildConfiguration section */
		2F40D256218E753500C407BB /* Debug */ = {
			isa = XCBuildConfiguration;
			buildSettings = {
				ALWAYS_SEARCH_USER_PATHS = NO;
				CLANG_ANALYZER_NONNULL = YES;
				CLANG_ANALYZER_NUMBER_OBJECT_CONVERSION = YES_AGGRESSIVE;
				CLANG_CXX_LANGUAGE_STANDARD = "gnu++14";
				CLANG_CXX_LIBRARY = "libc++";
				CLANG_ENABLE_MODULES = YES;
				CLANG_ENABLE_OBJC_ARC = YES;
				CLANG_ENABLE_OBJC_WEAK = YES;
				CLANG_WARN_BLOCK_CAPTURE_AUTORELEASING = YES;
				CLANG_WARN_BOOL_CONVERSION = YES;
				CLANG_WARN_COMMA = YES;
				CLANG_WARN_CONSTANT_CONVERSION = YES;
				CLANG_WARN_DEPRECATED_OBJC_IMPLEMENTATIONS = YES;
				CLANG_WARN_DIRECT_OBJC_ISA_USAGE = YES_ERROR;
				CLANG_WARN_DOCUMENTATION_COMMENTS = YES;
				CLANG_WARN_EMPTY_BODY = YES;
				CLANG_WARN_ENUM_CONVERSION = YES;
				CLANG_WARN_INFINITE_RECURSION = YES;
				CLANG_WARN_INT_CONVERSION = YES;
				CLANG_WARN_NON_LITERAL_NULL_CONVERSION = YES;
				CLANG_WARN_OBJC_IMPLICIT_RETAIN_SELF = YES;
				CLANG_WARN_OBJC_LITERAL_CONVERSION = YES;
				CLANG_WARN_OBJC_ROOT_CLASS = YES_ERROR;
				CLANG_WARN_RANGE_LOOP_ANALYSIS = YES;
				CLANG_WARN_STRICT_PROTOTYPES = YES;
				CLANG_WARN_SUSPICIOUS_MOVE = YES;
				CLANG_WARN_UNGUARDED_AVAILABILITY = YES_AGGRESSIVE;
				CLANG_WARN_UNREACHABLE_CODE = YES;
				CLANG_WARN__DUPLICATE_METHOD_MATCH = YES;
				CODE_SIGN_IDENTITY = "iPhone Developer";
				COPY_PHASE_STRIP = NO;
				DEBUG_INFORMATION_FORMAT = dwarf;
				ENABLE_STRICT_OBJC_MSGSEND = YES;
				ENABLE_TESTABILITY = YES;
				GCC_C_LANGUAGE_STANDARD = gnu11;
				GCC_DYNAMIC_NO_PIC = NO;
				GCC_NO_COMMON_BLOCKS = YES;
				GCC_OPTIMIZATION_LEVEL = 0;
				GCC_PREPROCESSOR_DEFINITIONS = (
					"DEBUG=1",
					"$(inherited)",
				);
				GCC_WARN_64_TO_32_BIT_CONVERSION = YES;
				GCC_WARN_ABOUT_RETURN_TYPE = YES_ERROR;
				GCC_WARN_UNDECLARED_SELECTOR = YES;
				GCC_WARN_UNINITIALIZED_AUTOS = YES_AGGRESSIVE;
				GCC_WARN_UNUSED_FUNCTION = YES;
				GCC_WARN_UNUSED_VARIABLE = YES;
				IPHONEOS_DEPLOYMENT_TARGET = 12.1;
				MTL_ENABLE_DEBUG_INFO = INCLUDE_SOURCE;
				MTL_FAST_MATH = YES;
				ONLY_ACTIVE_ARCH = YES;
				SDKROOT = iphoneos;
				SWIFT_ACTIVE_COMPILATION_CONDITIONS = DEBUG;
				SWIFT_OPTIMIZATION_LEVEL = "-Onone";
			};
			name = Debug;
		};
		2F40D257218E753500C407BB /* Release */ = {
			isa = XCBuildConfiguration;
			buildSettings = {
				ALWAYS_SEARCH_USER_PATHS = NO;
				CLANG_ANALYZER_NONNULL = YES;
				CLANG_ANALYZER_NUMBER_OBJECT_CONVERSION = YES_AGGRESSIVE;
				CLANG_CXX_LANGUAGE_STANDARD = "gnu++14";
				CLANG_CXX_LIBRARY = "libc++";
				CLANG_ENABLE_MODULES = YES;
				CLANG_ENABLE_OBJC_ARC = YES;
				CLANG_ENABLE_OBJC_WEAK = YES;
				CLANG_WARN_BLOCK_CAPTURE_AUTORELEASING = YES;
				CLANG_WARN_BOOL_CONVERSION = YES;
				CLANG_WARN_COMMA = YES;
				CLANG_WARN_CONSTANT_CONVERSION = YES;
				CLANG_WARN_DEPRECATED_OBJC_IMPLEMENTATIONS = YES;
				CLANG_WARN_DIRECT_OBJC_ISA_USAGE = YES_ERROR;
				CLANG_WARN_DOCUMENTATION_COMMENTS = YES;
				CLANG_WARN_EMPTY_BODY = YES;
				CLANG_WARN_ENUM_CONVERSION = YES;
				CLANG_WARN_INFINITE_RECURSION = YES;
				CLANG_WARN_INT_CONVERSION = YES;
				CLANG_WARN_NON_LITERAL_NULL_CONVERSION = YES;
				CLANG_WARN_OBJC_IMPLICIT_RETAIN_SELF = YES;
				CLANG_WARN_OBJC_LITERAL_CONVERSION = YES;
				CLANG_WARN_OBJC_ROOT_CLASS = YES_ERROR;
				CLANG_WARN_RANGE_LOOP_ANALYSIS = YES;
				CLANG_WARN_STRICT_PROTOTYPES = YES;
				CLANG_WARN_SUSPICIOUS_MOVE = YES;
				CLANG_WARN_UNGUARDED_AVAILABILITY = YES_AGGRESSIVE;
				CLANG_WARN_UNREACHABLE_CODE = YES;
				CLANG_WARN__DUPLICATE_METHOD_MATCH = YES;
				CODE_SIGN_IDENTITY = "iPhone Developer";
				COPY_PHASE_STRIP = NO;
				DEBUG_INFORMATION_FORMAT = "dwarf-with-dsym";
				ENABLE_NS_ASSERTIONS = NO;
				ENABLE_STRICT_OBJC_MSGSEND = YES;
				GCC_C_LANGUAGE_STANDARD = gnu11;
				GCC_NO_COMMON_BLOCKS = YES;
				GCC_WARN_64_TO_32_BIT_CONVERSION = YES;
				GCC_WARN_ABOUT_RETURN_TYPE = YES_ERROR;
				GCC_WARN_UNDECLARED_SELECTOR = YES;
				GCC_WARN_UNINITIALIZED_AUTOS = YES_AGGRESSIVE;
				GCC_WARN_UNUSED_FUNCTION = YES;
				GCC_WARN_UNUSED_VARIABLE = YES;
				IPHONEOS_DEPLOYMENT_TARGET = 12.1;
				MTL_ENABLE_DEBUG_INFO = NO;
				MTL_FAST_MATH = YES;
				SDKROOT = iphoneos;
				SWIFT_COMPILATION_MODE = wholemodule;
				SWIFT_OPTIMIZATION_LEVEL = "-O";
				VALIDATE_PRODUCT = YES;
			};
			name = Release;
		};
		2F40D259218E753500C407BB /* Debug */ = {
			isa = XCBuildConfiguration;
			buildSettings = {
				ASSETCATALOG_COMPILER_APPICON_NAME = AppIcon;
				CODE_SIGN_STYLE = Automatic;
				INFOPLIST_FILE = myJanken/Info.plist;
				LD_RUNPATH_SEARCH_PATHS = (
					"$(inherited)",
					"@executable_path/Frameworks",
				);
				PRODUCT_BUNDLE_IDENTIFIER = com.dotinstal.myJanken;
				PRODUCT_NAME = "$(TARGET_NAME)";
				SWIFT_VERSION = 4.2;
				TARGETED_DEVICE_FAMILY = "1,2";
			};
			name = Debug;
		};
		2F40D25A218E753500C407BB /* Release */ = {
			isa = XCBuildConfiguration;
			buildSettings = {
				ASSETCATALOG_COMPILER_APPICON_NAME = AppIcon;
				CODE_SIGN_STYLE = Automatic;
				INFOPLIST_FILE = myJanken/Info.plist;
				LD_RUNPATH_SEARCH_PATHS = (
					"$(inherited)",
					"@executable_path/Frameworks",
				);
				PRODUCT_BUNDLE_IDENTIFIER = com.dotinstal.myJanken;
				PRODUCT_NAME = "$(TARGET_NAME)";
				SWIFT_VERSION = 4.2;
				TARGETED_DEVICE_FAMILY = "1,2";
			};
			name = Release;
		};
		2F40D25C218E753500C407BB /* Debug */ = {
			isa = XCBuildConfiguration;
			buildSettings = {
				ALWAYS_EMBED_SWIFT_STANDARD_LIBRARIES = YES;
				BUNDLE_LOADER = "$(TEST_HOST)";
				CODE_SIGN_STYLE = Automatic;
				INFOPLIST_FILE = myJankenTests/Info.plist;
				LD_RUNPATH_SEARCH_PATHS = (
					"$(inherited)",
					"@executable_path/Frameworks",
					"@loader_path/Frameworks",
				);
				PRODUCT_BUNDLE_IDENTIFIER = com.dotinstal.myJankenTests;
				PRODUCT_NAME = "$(TARGET_NAME)";
				SWIFT_VERSION = 4.2;
				TARGETED_DEVICE_FAMILY = "1,2";
				TEST_HOST = "$(BUILT_PRODUCTS_DIR)/myJanken.app/myJanken";
			};
			name = Debug;
		};
		2F40D25D218E753500C407BB /* Release */ = {
			isa = XCBuildConfiguration;
			buildSettings = {
				ALWAYS_EMBED_SWIFT_STANDARD_LIBRARIES = YES;
				BUNDLE_LOADER = "$(TEST_HOST)";
				CODE_SIGN_STYLE = Automatic;
				INFOPLIST_FILE = myJankenTests/Info.plist;
				LD_RUNPATH_SEARCH_PATHS = (
					"$(inherited)",
					"@executable_path/Frameworks",
					"@loader_path/Frameworks",
				);
				PRODUCT_BUNDLE_IDENTIFIER = com.dotinstal.myJankenTests;
				PRODUCT_NAME = "$(TARGET_NAME)";
				SWIFT_VERSION = 4.2;
				TARGETED_DEVICE_FAMILY = "1,2";
				TEST_HOST = "$(BUILT_PRODUCTS_DIR)/myJanken.app/myJanken";
			};
			name = Release;
		};
		2F40D25F218E753500C407BB /* Debug */ = {
			isa = XCBuildConfiguration;
			buildSettings = {
				ALWAYS_EMBED_SWIFT_STANDARD_LIBRARIES = YES;
				CODE_SIGN_STYLE = Automatic;
				INFOPLIST_FILE = myJankenUITests/Info.plist;
				LD_RUNPATH_SEARCH_PATHS = (
					"$(inherited)",
					"@executable_path/Frameworks",
					"@loader_path/Frameworks",
				);
				PRODUCT_BUNDLE_IDENTIFIER = com.dotinstal.myJankenUITests;
				PRODUCT_NAME = "$(TARGET_NAME)";
				SWIFT_VERSION = 4.2;
				TARGETED_DEVICE_FAMILY = "1,2";
				TEST_TARGET_NAME = myJanken;
			};
			name = Debug;
		};
		2F40D260218E753500C407BB /* Release */ = {
			isa = XCBuildConfiguration;
			buildSettings = {
				ALWAYS_EMBED_SWIFT_STANDARD_LIBRARIES = YES;
				CODE_SIGN_STYLE = Automatic;
				INFOPLIST_FILE = myJankenUITests/Info.plist;
				LD_RUNPATH_SEARCH_PATHS = (
					"$(inherited)",
					"@executable_path/Frameworks",
					"@loader_path/Frameworks",
				);
				PRODUCT_BUNDLE_IDENTIFIER = com.dotinstal.myJankenUITests;
				PRODUCT_NAME = "$(TARGET_NAME)";
				SWIFT_VERSION = 4.2;
				TARGETED_DEVICE_FAMILY = "1,2";
				TEST_TARGET_NAME = myJanken;
			};
			name = Release;
		};
/* End XCBuildConfiguration section */

/* Begin XCConfigurationList section */
		2F40D22B218E753000C407BB /* Build configuration list for PBXProject "myJanken" */ = {
			isa = XCConfigurationList;
			buildConfigurations = (
				2F40D256218E753500C407BB /* Debug */,
				2F40D257218E753500C407BB /* Release */,
			);
			defaultConfigurationIsVisible = 0;
			defaultConfigurationName = Release;
		};
		2F40D258218E753500C407BB /* Build configuration list for PBXNativeTarget "myJanken" */ = {
			isa = XCConfigurationList;
			buildConfigurations = (
				2F40D259218E753500C407BB /* Debug */,
				2F40D25A218E753500C407BB /* Release */,
			);
			defaultConfigurationIsVisible = 0;
			defaultConfigurationName = Release;
		};
		2F40D25B218E753500C407BB /* Build configuration list for PBXNativeTarget "myJankenTests" */ = {
			isa = XCConfigurationList;
			buildConfigurations = (
				2F40D25C218E753500C407BB /* Debug */,
				2F40D25D218E753500C407BB /* Release */,
			);
			defaultConfigurationIsVisible = 0;
			defaultConfigurationName = Release;
		};
		2F40D25E218E753500C407BB /* Build configuration list for PBXNativeTarget "myJankenUITests" */ = {
			isa = XCConfigurationList;
			buildConfigurations = (
				2F40D25F218E753500C407BB /* Debug */,
				2F40D260218E753500C407BB /* Release */,
			);
			defaultConfigurationIsVisible = 0;
			defaultConfigurationName = Release;
		};
/* End XCConfigurationList section */
	};
	rootObject = 2F40D228218E753000C407BB /* Project object */;
}
